// !$*UTF8*$!
{
	archiveVersion = 1;
	classes = {
	};
	objectVersion = 55;
	objects = {

/* Begin PBXBuildFile section */
		500D0E66273FF5D4008CD7B0 /* Math.swift in Sources */ = {isa = PBXBuildFile; fileRef = 500D0E65273FF5D4008CD7B0 /* Math.swift */; };
		C2BA3180273DFD2F009A2FF7 /* AppDelegate.swift in Sources */ = {isa = PBXBuildFile; fileRef = C2BA317F273DFD2F009A2FF7 /* AppDelegate.swift */; };
		C2BA3182273DFD2F009A2FF7 /* ViewController.swift in Sources */ = {isa = PBXBuildFile; fileRef = C2BA3181273DFD2F009A2FF7 /* ViewController.swift */; };
		C2BA3184273DFD31009A2FF7 /* Assets.xcassets in Resources */ = {isa = PBXBuildFile; fileRef = C2BA3183273DFD31009A2FF7 /* Assets.xcassets */; };
		C2BA3187273DFD31009A2FF7 /* Main.storyboard in Resources */ = {isa = PBXBuildFile; fileRef = C2BA3185273DFD31009A2FF7 /* Main.storyboard */; };
		C2BA318F273DFE4A009A2FF7 /* Renderer.swift in Sources */ = {isa = PBXBuildFile; fileRef = C2BA318E273DFE4A009A2FF7 /* Renderer.swift */; };
		C2BA3191273DFFCC009A2FF7 /* Types.swift in Sources */ = {isa = PBXBuildFile; fileRef = C2BA3190273DFFCC009A2FF7 /* Types.swift */; };
		C2BA3193273E0503009A2FF7 /* Shader.metal in Sources */ = {isa = PBXBuildFile; fileRef = C2BA3192273E0503009A2FF7 /* Shader.metal */; };
		C2BA3195273E0AB4009A2FF7 /* Texturable.swift in Sources */ = {isa = PBXBuildFile; fileRef = C2BA3194273E0AB4009A2FF7 /* Texturable.swift */; };
		C2BA3198273E1817009A2FF7 /* hero.jpg in Resources */ = {isa = PBXBuildFile; fileRef = C2BA3197273E1817009A2FF7 /* hero.jpg */; };
/* End PBXBuildFile section */

/* Begin PBXFileReference section */
		500D0E65273FF5D4008CD7B0 /* Math.swift */ = {isa = PBXFileReference; lastKnownFileType = sourcecode.swift; path = Math.swift; sourceTree = "<group>"; };
		C2BA317C273DFD2F009A2FF7 /* HelloTexture.app */ = {isa = PBXFileReference; explicitFileType = wrapper.application; includeInIndex = 0; path = HelloTexture.app; sourceTree = BUILT_PRODUCTS_DIR; };
		C2BA317F273DFD2F009A2FF7 /* AppDelegate.swift */ = {isa = PBXFileReference; lastKnownFileType = sourcecode.swift; path = AppDelegate.swift; sourceTree = "<group>"; };
		C2BA3181273DFD2F009A2FF7 /* ViewController.swift */ = {isa = PBXFileReference; lastKnownFileType = sourcecode.swift; path = ViewController.swift; sourceTree = "<group>"; };
		C2BA3183273DFD31009A2FF7 /* Assets.xcassets */ = {isa = PBXFileReference; lastKnownFileType = folder.assetcatalog; path = Assets.xcassets; sourceTree = "<group>"; };
		C2BA3186273DFD31009A2FF7 /* Base */ = {isa = PBXFileReference; lastKnownFileType = file.storyboard; name = Base; path = Base.lproj/Main.storyboard; sourceTree = "<group>"; };
		C2BA3188273DFD31009A2FF7 /* HelloTexture.entitlements */ = {isa = PBXFileReference; lastKnownFileType = text.plist.entitlements; path = HelloTexture.entitlements; sourceTree = "<group>"; };
		C2BA318E273DFE4A009A2FF7 /* Renderer.swift */ = {isa = PBXFileReference; lastKnownFileType = sourcecode.swift; path = Renderer.swift; sourceTree = "<group>"; };
		C2BA3190273DFFCC009A2FF7 /* Types.swift */ = {isa = PBXFileReference; lastKnownFileType = sourcecode.swift; path = Types.swift; sourceTree = "<group>"; };
		C2BA3192273E0503009A2FF7 /* Shader.metal */ = {isa = PBXFileReference; lastKnownFileType = sourcecode.metal; path = Shader.metal; sourceTree = "<group>"; };
		C2BA3194273E0AB4009A2FF7 /* Texturable.swift */ = {isa = PBXFileReference; lastKnownFileType = sourcecode.swift; path = Texturable.swift; sourceTree = "<group>"; };
		C2BA3197273E1817009A2FF7 /* hero.jpg */ = {isa = PBXFileReference; lastKnownFileType = image.jpeg; path = hero.jpg; sourceTree = "<group>"; };
/* End PBXFileReference section */

/* Begin PBXFrameworksBuildPhase section */
		C2BA3179273DFD2F009A2FF7 /* Frameworks */ = {
			isa = PBXFrameworksBuildPhase;
			buildActionMask = 2147483647;
			files = (
			);
			runOnlyForDeploymentPostprocessing = 0;
		};
/* End PBXFrameworksBuildPhase section */

/* Begin PBXGroup section */
		C2BA3173273DFD2F009A2FF7 = {
			isa = PBXGroup;
			children = (
				C2BA317E273DFD2F009A2FF7 /* HelloTexture */,
				C2BA317D273DFD2F009A2FF7 /* Products */,
			);
			sourceTree = "<group>";
		};
		C2BA317D273DFD2F009A2FF7 /* Products */ = {
			isa = PBXGroup;
			children = (
				C2BA317C273DFD2F009A2FF7 /* HelloTexture.app */,
			);
			name = Products;
			sourceTree = "<group>";
		};
		C2BA317E273DFD2F009A2FF7 /* HelloTexture */ = {
			isa = PBXGroup;
			children = (
				C2BA3196273E1809009A2FF7 /* images */,
				C2BA317F273DFD2F009A2FF7 /* AppDelegate.swift */,
				C2BA3181273DFD2F009A2FF7 /* ViewController.swift */,
				C2BA318E273DFE4A009A2FF7 /* Renderer.swift */,
				C2BA3190273DFFCC009A2FF7 /* Types.swift */,
				500D0E65273FF5D4008CD7B0 /* Math.swift */,
				C2BA3183273DFD31009A2FF7 /* Assets.xcassets */,
				C2BA3185273DFD31009A2FF7 /* Main.storyboard */,
				C2BA3188273DFD31009A2FF7 /* HelloTexture.entitlements */,
				C2BA3192273E0503009A2FF7 /* Shader.metal */,
				C2BA3194273E0AB4009A2FF7 /* Texturable.swift */,
			);
			path = HelloTexture;
			sourceTree = "<group>";
		};
		C2BA3196273E1809009A2FF7 /* images */ = {
			isa = PBXGroup;
			children = (
				C2BA3197273E1817009A2FF7 /* hero.jpg */,
			);
			path = images;
			sourceTree = "<group>";
		};
/* End PBXGroup section */

/* Begin PBXNativeTarget section */
		C2BA317B273DFD2F009A2FF7 /* HelloTexture */ = {
			isa = PBXNativeTarget;
			buildConfigurationList = C2BA318B273DFD31009A2FF7 /* Build configuration list for PBXNativeTarget "HelloTexture" */;
			buildPhases = (
				C2BA3178273DFD2F009A2FF7 /* Sources */,
				C2BA3179273DFD2F009A2FF7 /* Frameworks */,
				C2BA317A273DFD2F009A2FF7 /* Resources */,
			);
			buildRules = (
			);
			dependencies = (
			);
			name = HelloTexture;
			productName = HelloTexture;
			productReference = C2BA317C273DFD2F009A2FF7 /* HelloTexture.app */;
			productType = "com.apple.product-type.application";
		};
/* End PBXNativeTarget section */

/* Begin PBXProject section */
		C2BA3174273DFD2F009A2FF7 /* Project object */ = {
			isa = PBXProject;
			attributes = {
				BuildIndependentTargetsInParallel = 1;
				LastSwiftUpdateCheck = 1310;
				LastUpgradeCheck = 1310;
				TargetAttributes = {
					C2BA317B273DFD2F009A2FF7 = {
						CreatedOnToolsVersion = 13.1;
					};
				};
			};
			buildConfigurationList = C2BA3177273DFD2F009A2FF7 /* Build configuration list for PBXProject "HelloTexture" */;
			compatibilityVersion = "Xcode 13.0";
			developmentRegion = en;
			hasScannedForEncodings = 0;
			knownRegions = (
				en,
				Base,
			);
			mainGroup = C2BA3173273DFD2F009A2FF7;
			productRefGroup = C2BA317D273DFD2F009A2FF7 /* Products */;
			projectDirPath = "";
			projectRoot = "";
			targets = (
				C2BA317B273DFD2F009A2FF7 /* HelloTexture */,
			);
		};
/* End PBXProject section */

/* Begin PBXResourcesBuildPhase section */
		C2BA317A273DFD2F009A2FF7 /* Resources */ = {
			isa = PBXResourcesBuildPhase;
			buildActionMask = 2147483647;
			files = (
				C2BA3184273DFD31009A2FF7 /* Assets.xcassets in Resources */,
				C2BA3198273E1817009A2FF7 /* hero.jpg in Resources */,
				C2BA3187273DFD31009A2FF7 /* Main.storyboard in Resources */,
			);
			runOnlyForDeploymentPostprocessing = 0;
		};
/* End PBXResourcesBuildPhase section */

/* Begin PBXSourcesBuildPhase section */
		C2BA3178273DFD2F009A2FF7 /* Sources */ = {
			isa = PBXSourcesBuildPhase;
			buildActionMask = 2147483647;
			files = (
				C2BA3182273DFD2F009A2FF7 /* ViewController.swift in Sources */,
				C2BA3195273E0AB4009A2FF7 /* Texturable.swift in Sources */,
				C2BA318F273DFE4A009A2FF7 /* Renderer.swift in Sources */,
				500D0E66273FF5D4008CD7B0 /* Math.swift in Sources */,
				C2BA3180273DFD2F009A2FF7 /* AppDelegate.swift in Sources */,
				C2BA3193273E0503009A2FF7 /* Shader.metal in Sources */,
				C2BA3191273DFFCC009A2FF7 /* Types.swift in Sources */,
			);
			runOnlyForDeploymentPostprocessing = 0;
		};
/* End PBXSourcesBuildPhase section */

/* Begin PBXVariantGroup section */
		C2BA3185273DFD31009A2FF7 /* Main.storyboard */ = {
			isa = PBXVariantGroup;
			children = (
				C2BA3186273DFD31009A2FF7 /* Base */,
			);
			name = Main.storyboard;
			sourceTree = "<group>";
		};
/* End PBXVariantGroup section */

/* Begin XCBuildConfiguration section */
		C2BA3189273DFD31009A2FF7 /* Debug */ = {
			isa = XCBuildConfiguration;
			buildSettings = {
				ALWAYS_SEARCH_USER_PATHS = NO;
				CLANG_ANALYZER_NONNULL = YES;
				CLANG_ANALYZER_NUMBER_OBJECT_CONVERSION = YES_AGGRESSIVE;
				CLANG_CXX_LANGUAGE_STANDARD = "gnu++17";
				CLANG_CXX_LIBRARY = "libc++";
				CLANG_ENABLE_MODULES = YES;
				CLANG_ENABLE_OBJC_ARC = YES;
				CLANG_ENABLE_OBJC_WEAK = YES;
				CLANG_WARN_BLOCK_CAPTURE_AUTORELEASING = YES;
				CLANG_WARN_BOOL_CONVERSION = YES;
				CLANG_WARN_COMMA = YES;
				CLANG_WARN_CONSTANT_CONVERSION = YES;
				CLANG_WARN_DEPRECATED_OBJC_IMPLEMENTATIONS = YES;
				CLANG_WARN_DIRECT_OBJC_ISA_USAGE = YES_ERROR;
				CLANG_WARN_DOCUMENTATION_COMMENTS = YES;
				CLANG_WARN_EMPTY_BODY = YES;
				CLANG_WARN_ENUM_CONVERSION = YES;
				CLANG_WARN_INFINITE_RECURSION = YES;
				CLANG_WARN_INT_CONVERSION = YES;
				CLANG_WARN_NON_LITERAL_NULL_CONVERSION = YES;
				CLANG_WARN_OBJC_IMPLICIT_RETAIN_SELF = YES;
				CLANG_WARN_OBJC_LITERAL_CONVERSION = YES;
				CLANG_WARN_OBJC_ROOT_CLASS = YES_ERROR;
				CLANG_WARN_QUOTED_INCLUDE_IN_FRAMEWORK_HEADER = YES;
				CLANG_WARN_RANGE_LOOP_ANALYSIS = YES;
				CLANG_WARN_STRICT_PROTOTYPES = YES;
				CLANG_WARN_SUSPICIOUS_MOVE = YES;
				CLANG_WARN_UNGUARDED_AVAILABILITY = YES_AGGRESSIVE;
				CLANG_WARN_UNREACHABLE_CODE = YES;
				CLANG_WARN__DUPLICATE_METHOD_MATCH = YES;
				COPY_PHASE_STRIP = NO;
				DEBUG_INFORMATION_FORMAT = dwarf;
				ENABLE_STRICT_OBJC_MSGSEND = YES;
				ENABLE_TESTABILITY = YES;
				GCC_C_LANGUAGE_STANDARD = gnu11;
				GCC_DYNAMIC_NO_PIC = NO;
				GCC_NO_COMMON_BLOCKS = YES;
				GCC_OPTIMIZATION_LEVEL = 0;
				GCC_PREPROCESSOR_DEFINITIONS = (
					"DEBUG=1",
					"$(inherited)",
				);
				GCC_WARN_64_TO_32_BIT_CONVERSION = YES;
				GCC_WARN_ABOUT_RETURN_TYPE = YES_ERROR;
				GCC_WARN_UNDECLARED_SELECTOR = YES;
				GCC_WARN_UNINITIALIZED_AUTOS = YES_AGGRESSIVE;
				GCC_WARN_UNUSED_FUNCTION = YES;
				GCC_WARN_UNUSED_VARIABLE = YES;
				MACOSX_DEPLOYMENT_TARGET = 12.0;
				MTL_ENABLE_DEBUG_INFO = INCLUDE_SOURCE;
				MTL_FAST_MATH = YES;
				ONLY_ACTIVE_ARCH = YES;
				SDKROOT = macosx;
				SWIFT_ACTIVE_COMPILATION_CONDITIONS = DEBUG;
				SWIFT_OPTIMIZATION_LEVEL = "-Onone";
			};
			name = Debug;
		};
		C2BA318A273DFD31009A2FF7 /* Release */ = {
			isa = XCBuildConfiguration;
			buildSettings = {
				ALWAYS_SEARCH_USER_PATHS = NO;
				CLANG_ANALYZER_NONNULL = YES;
				CLANG_ANALYZER_NUMBER_OBJECT_CONVERSION = YES_AGGRESSIVE;
				CLANG_CXX_LANGUAGE_STANDARD = "gnu++17";
				CLANG_CXX_LIBRARY = "libc++";
				CLANG_ENABLE_MODULES = YES;
				CLANG_ENABLE_OBJC_ARC = YES;
				CLANG_ENABLE_OBJC_WEAK = YES;
				CLANG_WARN_BLOCK_CAPTURE_AUTORELEASING = YES;
				CLANG_WARN_BOOL_CONVERSION = YES;
				CLANG_WARN_COMMA = YES;
				CLANG_WARN_CONSTANT_CONVERSION = YES;
				CLANG_WARN_DEPRECATED_OBJC_IMPLEMENTATIONS = YES;
				CLANG_WARN_DIRECT_OBJC_ISA_USAGE = YES_ERROR;
				CLANG_WARN_DOCUMENTATION_COMMENTS = YES;
				CLANG_WARN_EMPTY_BODY = YES;
				CLANG_WARN_ENUM_CONVERSION = YES;
				CLANG_WARN_INFINITE_RECURSION = YES;
				CLANG_WARN_INT_CONVERSION = YES;
				CLANG_WARN_NON_LITERAL_NULL_CONVERSION = YES;
				CLANG_WARN_OBJC_IMPLICIT_RETAIN_SELF = YES;
				CLANG_WARN_OBJC_LITERAL_CONVERSION = YES;
				CLANG_WARN_OBJC_ROOT_CLASS = YES_ERROR;
				CLANG_WARN_QUOTED_INCLUDE_IN_FRAMEWORK_HEADER = YES;
				CLANG_WARN_RANGE_LOOP_ANALYSIS = YES;
				CLANG_WARN_STRICT_PROTOTYPES = YES;
				CLANG_WARN_SUSPICIOUS_MOVE = YES;
				CLANG_WARN_UNGUARDED_AVAILABILITY = YES_AGGRESSIVE;
				CLANG_WARN_UNREACHABLE_CODE = YES;
				CLANG_WARN__DUPLICATE_METHOD_MATCH = YES;
				COPY_PHASE_STRIP = NO;
				DEBUG_INFORMATION_FORMAT = "dwarf-with-dsym";
				ENABLE_NS_ASSERTIONS = NO;
				ENABLE_STRICT_OBJC_MSGSEND = YES;
				GCC_C_LANGUAGE_STANDARD = gnu11;
				GCC_NO_COMMON_BLOCKS = YES;
				GCC_WARN_64_TO_32_BIT_CONVERSION = YES;
				GCC_WARN_ABOUT_RETURN_TYPE = YES_ERROR;
				GCC_WARN_UNDECLARED_SELECTOR = YES;
				GCC_WARN_UNINITIALIZED_AUTOS = YES_AGGRESSIVE;
				GCC_WARN_UNUSED_FUNCTION = YES;
				GCC_WARN_UNUSED_VARIABLE = YES;
				MACOSX_DEPLOYMENT_TARGET = 12.0;
				MTL_ENABLE_DEBUG_INFO = NO;
				MTL_FAST_MATH = YES;
				SDKROOT = macosx;
				SWIFT_COMPILATION_MODE = wholemodule;
				SWIFT_OPTIMIZATION_LEVEL = "-O";
			};
			name = Release;
		};
		C2BA318C273DFD31009A2FF7 /* Debug */ = {
			isa = XCBuildConfiguration;
			buildSettings = {
				ASSETCATALOG_COMPILER_APPICON_NAME = AppIcon;
				ASSETCATALOG_COMPILER_GLOBAL_ACCENT_COLOR_NAME = AccentColor;
				CODE_SIGN_ENTITLEMENTS = HelloTexture/HelloTexture.entitlements;
				CODE_SIGN_STYLE = Automatic;
				COMBINE_HIDPI_IMAGES = YES;
				CURRENT_PROJECT_VERSION = 1;
				DEVELOPMENT_TEAM = UA8U3Z7XU4;
				ENABLE_HARDENED_RUNTIME = YES;
				GENERATE_INFOPLIST_FILE = YES;
				INFOPLIST_KEY_NSHumanReadableCopyright = "";
				INFOPLIST_KEY_NSMainStoryboardFile = Main;
				INFOPLIST_KEY_NSPrincipalClass = NSApplication;
				LD_RUNPATH_SEARCH_PATHS = (
					"$(inherited)",
					"@executable_path/../Frameworks",
				);
				MARKETING_VERSION = 1.0;
				PRODUCT_BUNDLE_IDENTIFIER = me.jewelz.HelloTexture;
				PRODUCT_NAME = "$(TARGET_NAME)";
				SWIFT_EMIT_LOC_STRINGS = YES;
				SWIFT_VERSION = 5.0;
			};
			name = Debug;
		};
		C2BA318D273DFD31009A2FF7 /* Release */ = {
			isa = XCBuildConfiguration;
			buildSettings = {
				ASSETCATALOG_COMPILER_APPICON_NAME = AppIcon;
				ASSETCATALOG_COMPILER_GLOBAL_ACCENT_COLOR_NAME = AccentColor;
				CODE_SIGN_ENTITLEMENTS = HelloTexture/HelloTexture.entitlements;
				CODE_SIGN_STYLE = Automatic;
				COMBINE_HIDPI_IMAGES = YES;
				CURRENT_PROJECT_VERSION = 1;
				DEVELOPMENT_TEAM = UA8U3Z7XU4;
				ENABLE_HARDENED_RUNTIME = YES;
				GENERATE_INFOPLIST_FILE = YES;
				INFOPLIST_KEY_NSHumanReadableCopyright = "";
				INFOPLIST_KEY_NSMainStoryboardFile = Main;
				INFOPLIST_KEY_NSPrincipalClass = NSApplication;
				LD_RUNPATH_SEARCH_PATHS = (
					"$(inherited)",
					"@executable_path/../Frameworks",
				);
				MARKETING_VERSION = 1.0;
				PRODUCT_BUNDLE_IDENTIFIER = me.jewelz.HelloTexture;
				PRODUCT_NAME = "$(TARGET_NAME)";
				SWIFT_EMIT_LOC_STRINGS = YES;
				SWIFT_VERSION = 5.0;
			};
			name = Release;
		};
/* End XCBuildConfiguration section */

/* Begin XCConfigurationList section */
		C2BA3177273DFD2F009A2FF7 /* Build configuration list for PBXProject "HelloTexture" */ = {
			isa = XCConfigurationList;
			buildConfigurations = (
				C2BA3189273DFD31009A2FF7 /* Debug */,
				C2BA318A273DFD31009A2FF7 /* Release */,
			);
			defaultConfigurationIsVisible = 0;
			defaultConfigurationName = Release;
		};
		C2BA318B273DFD31009A2FF7 /* Build configuration list for PBXNativeTarget "HelloTexture" */ = {
			isa = XCConfigurationList;
			buildConfigurations = (
				C2BA318C273DFD31009A2FF7 /* Debug */,
				C2BA318D273DFD31009A2FF7 /* Release */,
			);
			defaultConfigurationIsVisible = 0;
			defaultConfigurationName = Release;
		};
/* End XCConfigurationList section */
	};
	rootObject = C2BA3174273DFD2F009A2FF7 /* Project object */;
}
