// !$*UTF8*$!
{
	archiveVersion = 1;
	classes = {
	};
	objectVersion = 55;
	objects = {

/* Begin PBXBuildFile section */
		C2BFFC98274B7F4A00A5F6E4 /* AppDelegate.swift in Sources */ = {isa = PBXBuildFile; fileRef = C2BFFC97274B7F4A00A5F6E4 /* AppDelegate.swift */; };
		C2BFFC9A274B7F4A00A5F6E4 /* ViewController.swift in Sources */ = {isa = PBXBuildFile; fileRef = C2BFFC99274B7F4A00A5F6E4 /* ViewController.swift */; };
		C2BFFC9C274B7F4C00A5F6E4 /* Assets.xcassets in Resources */ = {isa = PBXBuildFile; fileRef = C2BFFC9B274B7F4C00A5F6E4 /* Assets.xcassets */; };
		C2BFFC9F274B7F4C00A5F6E4 /* Main.storyboard in Resources */ = {isa = PBXBuildFile; fileRef = C2BFFC9D274B7F4C00A5F6E4 /* Main.storyboard */; };
		C2BFFCA7274B7FFD00A5F6E4 /* MyView.swift in Sources */ = {isa = PBXBuildFile; fileRef = C2BFFCA6274B7FFD00A5F6E4 /* MyView.swift */; };
		C2BFFCA9274B841900A5F6E4 /* Shader.metal in Sources */ = {isa = PBXBuildFile; fileRef = C2BFFCA8274B841900A5F6E4 /* Shader.metal */; };
/* End PBXBuildFile section */

/* Begin PBXFileReference section */
		C2BFFC94274B7F4A00A5F6E4 /* ParticleEffect.app */ = {isa = PBXFileReference; explicitFileType = wrapper.application; includeInIndex = 0; path = ParticleEffect.app; sourceTree = BUILT_PRODUCTS_DIR; };
		C2BFFC97274B7F4A00A5F6E4 /* AppDelegate.swift */ = {isa = PBXFileReference; lastKnownFileType = sourcecode.swift; path = AppDelegate.swift; sourceTree = "<group>"; };
		C2BFFC99274B7F4A00A5F6E4 /* ViewController.swift */ = {isa = PBXFileReference; lastKnownFileType = sourcecode.swift; path = ViewController.swift; sourceTree = "<group>"; };
		C2BFFC9B274B7F4C00A5F6E4 /* Assets.xcassets */ = {isa = PBXFileReference; lastKnownFileType = folder.assetcatalog; path = Assets.xcassets; sourceTree = "<group>"; };
		C2BFFC9E274B7F4C00A5F6E4 /* Base */ = {isa = PBXFileReference; lastKnownFileType = file.storyboard; name = Base; path = Base.lproj/Main.storyboard; sourceTree = "<group>"; };
		C2BFFCA0274B7F4C00A5F6E4 /* ParticleEffect.entitlements */ = {isa = PBXFileReference; lastKnownFileType = text.plist.entitlements; path = ParticleEffect.entitlements; sourceTree = "<group>"; };
		C2BFFCA6274B7FFD00A5F6E4 /* MyView.swift */ = {isa = PBXFileReference; lastKnownFileType = sourcecode.swift; path = MyView.swift; sourceTree = "<group>"; };
		C2BFFCA8274B841900A5F6E4 /* Shader.metal */ = {isa = PBXFileReference; lastKnownFileType = sourcecode.metal; path = Shader.metal; sourceTree = "<group>"; };
/* End PBXFileReference section */

/* Begin PBXFrameworksBuildPhase section */
		C2BFFC91274B7F4A00A5F6E4 /* Frameworks */ = {
			isa = PBXFrameworksBuildPhase;
			buildActionMask = 2147483647;
			files = (
			);
			runOnlyForDeploymentPostprocessing = 0;
		};
/* End PBXFrameworksBuildPhase section */

/* Begin PBXGroup section */
		C2BFFC8B274B7F4A00A5F6E4 = {
			isa = PBXGroup;
			children = (
				C2BFFC96274B7F4A00A5F6E4 /* ParticleEffect */,
				C2BFFC95274B7F4A00A5F6E4 /* Products */,
			);
			sourceTree = "<group>";
		};
		C2BFFC95274B7F4A00A5F6E4 /* Products */ = {
			isa = PBXGroup;
			children = (
				C2BFFC94274B7F4A00A5F6E4 /* ParticleEffect.app */,
			);
			name = Products;
			sourceTree = "<group>";
		};
		C2BFFC96274B7F4A00A5F6E4 /* ParticleEffect */ = {
			isa = PBXGroup;
			children = (
				C2BFFC97274B7F4A00A5F6E4 /* AppDelegate.swift */,
				C2BFFC99274B7F4A00A5F6E4 /* ViewController.swift */,
				C2BFFCA6274B7FFD00A5F6E4 /* MyView.swift */,
				C2BFFCA8274B841900A5F6E4 /* Shader.metal */,
				C2BFFC9B274B7F4C00A5F6E4 /* Assets.xcassets */,
				C2BFFC9D274B7F4C00A5F6E4 /* Main.storyboard */,
				C2BFFCA0274B7F4C00A5F6E4 /* ParticleEffect.entitlements */,
			);
			path = ParticleEffect;
			sourceTree = "<group>";
		};
/* End PBXGroup section */

/* Begin PBXNativeTarget section */
		C2BFFC93274B7F4A00A5F6E4 /* ParticleEffect */ = {
			isa = PBXNativeTarget;
			buildConfigurationList = C2BFFCA3274B7F4C00A5F6E4 /* Build configuration list for PBXNativeTarget "ParticleEffect" */;
			buildPhases = (
				C2BFFC90274B7F4A00A5F6E4 /* Sources */,
				C2BFFC91274B7F4A00A5F6E4 /* Frameworks */,
				C2BFFC92274B7F4A00A5F6E4 /* Resources */,
			);
			buildRules = (
			);
			dependencies = (
			);
			name = ParticleEffect;
			productName = ParticleEffect;
			productReference = C2BFFC94274B7F4A00A5F6E4 /* ParticleEffect.app */;
			productType = "com.apple.product-type.application";
		};
/* End PBXNativeTarget section */

/* Begin PBXProject section */
		C2BFFC8C274B7F4A00A5F6E4 /* Project object */ = {
			isa = PBXProject;
			attributes = {
				BuildIndependentTargetsInParallel = 1;
				LastSwiftUpdateCheck = 1310;
				LastUpgradeCheck = 1310;
				TargetAttributes = {
					C2BFFC93274B7F4A00A5F6E4 = {
						CreatedOnToolsVersion = 13.1;
					};
				};
			};
			buildConfigurationList = C2BFFC8F274B7F4A00A5F6E4 /* Build configuration list for PBXProject "ParticleEffect" */;
			compatibilityVersion = "Xcode 13.0";
			developmentRegion = en;
			hasScannedForEncodings = 0;
			knownRegions = (
				en,
				Base,
			);
			mainGroup = C2BFFC8B274B7F4A00A5F6E4;
			productRefGroup = C2BFFC95274B7F4A00A5F6E4 /* Products */;
			projectDirPath = "";
			projectRoot = "";
			targets = (
				C2BFFC93274B7F4A00A5F6E4 /* ParticleEffect */,
			);
		};
/* End PBXProject section */

/* Begin PBXResourcesBuildPhase section */
		C2BFFC92274B7F4A00A5F6E4 /* Resources */ = {
			isa = PBXResourcesBuildPhase;
			buildActionMask = 2147483647;
			files = (
				C2BFFC9C274B7F4C00A5F6E4 /* Assets.xcassets in Resources */,
				C2BFFC9F274B7F4C00A5F6E4 /* Main.storyboard in Resources */,
			);
			runOnlyForDeploymentPostprocessing = 0;
		};
/* End PBXResourcesBuildPhase section */

/* Begin PBXSourcesBuildPhase section */
		C2BFFC90274B7F4A00A5F6E4 /* Sources */ = {
			isa = PBXSourcesBuildPhase;
			buildActionMask = 2147483647;
			files = (
				C2BFFCA9274B841900A5F6E4 /* Shader.metal in Sources */,
				C2BFFCA7274B7FFD00A5F6E4 /* MyView.swift in Sources */,
				C2BFFC9A274B7F4A00A5F6E4 /* ViewController.swift in Sources */,
				C2BFFC98274B7F4A00A5F6E4 /* AppDelegate.swift in Sources */,
			);
			runOnlyForDeploymentPostprocessing = 0;
		};
/* End PBXSourcesBuildPhase section */

/* Begin PBXVariantGroup section */
		C2BFFC9D274B7F4C00A5F6E4 /* Main.storyboard */ = {
			isa = PBXVariantGroup;
			children = (
				C2BFFC9E274B7F4C00A5F6E4 /* Base */,
			);
			name = Main.storyboard;
			sourceTree = "<group>";
		};
/* End PBXVariantGroup section */

/* Begin XCBuildConfiguration section */
		C2BFFCA1274B7F4C00A5F6E4 /* Debug */ = {
			isa = XCBuildConfiguration;
			buildSettings = {
				ALWAYS_SEARCH_USER_PATHS = NO;
				CLANG_ANALYZER_NONNULL = YES;
				CLANG_ANALYZER_NUMBER_OBJECT_CONVERSION = YES_AGGRESSIVE;
				CLANG_CXX_LANGUAGE_STANDARD = "gnu++17";
				CLANG_CXX_LIBRARY = "libc++";
				CLANG_ENABLE_MODULES = YES;
				CLANG_ENABLE_OBJC_ARC = YES;
				CLANG_ENABLE_OBJC_WEAK = YES;
				CLANG_WARN_BLOCK_CAPTURE_AUTORELEASING = YES;
				CLANG_WARN_BOOL_CONVERSION = YES;
				CLANG_WARN_COMMA = YES;
				CLANG_WARN_CONSTANT_CONVERSION = YES;
				CLANG_WARN_DEPRECATED_OBJC_IMPLEMENTATIONS = YES;
				CLANG_WARN_DIRECT_OBJC_ISA_USAGE = YES_ERROR;
				CLANG_WARN_DOCUMENTATION_COMMENTS = YES;
				CLANG_WARN_EMPTY_BODY = YES;
				CLANG_WARN_ENUM_CONVERSION = YES;
				CLANG_WARN_INFINITE_RECURSION = YES;
				CLANG_WARN_INT_CONVERSION = YES;
				CLANG_WARN_NON_LITERAL_NULL_CONVERSION = YES;
				CLANG_WARN_OBJC_IMPLICIT_RETAIN_SELF = YES;
				CLANG_WARN_OBJC_LITERAL_CONVERSION = YES;
				CLANG_WARN_OBJC_ROOT_CLASS = YES_ERROR;
				CLANG_WARN_QUOTED_INCLUDE_IN_FRAMEWORK_HEADER = YES;
				CLANG_WARN_RANGE_LOOP_ANALYSIS = YES;
				CLANG_WARN_STRICT_PROTOTYPES = YES;
				CLANG_WARN_SUSPICIOUS_MOVE = YES;
				CLANG_WARN_UNGUARDED_AVAILABILITY = YES_AGGRESSIVE;
				CLANG_WARN_UNREACHABLE_CODE = YES;
				CLANG_WARN__DUPLICATE_METHOD_MATCH = YES;
				COPY_PHASE_STRIP = NO;
				DEBUG_INFORMATION_FORMAT = dwarf;
				ENABLE_STRICT_OBJC_MSGSEND = YES;
				ENABLE_TESTABILITY = YES;
				GCC_C_LANGUAGE_STANDARD = gnu11;
				GCC_DYNAMIC_NO_PIC = NO;
				GCC_NO_COMMON_BLOCKS = YES;
				GCC_OPTIMIZATION_LEVEL = 0;
				GCC_PREPROCESSOR_DEFINITIONS = (
					"DEBUG=1",
					"$(inherited)",
				);
				GCC_WARN_64_TO_32_BIT_CONVERSION = YES;
				GCC_WARN_ABOUT_RETURN_TYPE = YES_ERROR;
				GCC_WARN_UNDECLARED_SELECTOR = YES;
				GCC_WARN_UNINITIALIZED_AUTOS = YES_AGGRESSIVE;
				GCC_WARN_UNUSED_FUNCTION = YES;
				GCC_WARN_UNUSED_VARIABLE = YES;
				MACOSX_DEPLOYMENT_TARGET = 12.0;
				MTL_ENABLE_DEBUG_INFO = INCLUDE_SOURCE;
				MTL_FAST_MATH = YES;
				ONLY_ACTIVE_ARCH = YES;
				SDKROOT = macosx;
				SWIFT_ACTIVE_COMPILATION_CONDITIONS = DEBUG;
				SWIFT_OPTIMIZATION_LEVEL = "-Onone";
			};
			name = Debug;
		};
		C2BFFCA2274B7F4C00A5F6E4 /* Release */ = {
			isa = XCBuildConfiguration;
			buildSettings = {
				ALWAYS_SEARCH_USER_PATHS = NO;
				CLANG_ANALYZER_NONNULL = YES;
				CLANG_ANALYZER_NUMBER_OBJECT_CONVERSION = YES_AGGRESSIVE;
				CLANG_CXX_LANGUAGE_STANDARD = "gnu++17";
				CLANG_CXX_LIBRARY = "libc++";
				CLANG_ENABLE_MODULES = YES;
				CLANG_ENABLE_OBJC_ARC = YES;
				CLANG_ENABLE_OBJC_WEAK = YES;
				CLANG_WARN_BLOCK_CAPTURE_AUTORELEASING = YES;
				CLANG_WARN_BOOL_CONVERSION = YES;
				CLANG_WARN_COMMA = YES;
				CLANG_WARN_CONSTANT_CONVERSION = YES;
				CLANG_WARN_DEPRECATED_OBJC_IMPLEMENTATIONS = YES;
				CLANG_WARN_DIRECT_OBJC_ISA_USAGE = YES_ERROR;
				CLANG_WARN_DOCUMENTATION_COMMENTS = YES;
				CLANG_WARN_EMPTY_BODY = YES;
				CLANG_WARN_ENUM_CONVERSION = YES;
				CLANG_WARN_INFINITE_RECURSION = YES;
				CLANG_WARN_INT_CONVERSION = YES;
				CLANG_WARN_NON_LITERAL_NULL_CONVERSION = YES;
				CLANG_WARN_OBJC_IMPLICIT_RETAIN_SELF = YES;
				CLANG_WARN_OBJC_LITERAL_CONVERSION = YES;
				CLANG_WARN_OBJC_ROOT_CLASS = YES_ERROR;
				CLANG_WARN_QUOTED_INCLUDE_IN_FRAMEWORK_HEADER = YES;
				CLANG_WARN_RANGE_LOOP_ANALYSIS = YES;
				CLANG_WARN_STRICT_PROTOTYPES = YES;
				CLANG_WARN_SUSPICIOUS_MOVE = YES;
				CLANG_WARN_UNGUARDED_AVAILABILITY = YES_AGGRESSIVE;
				CLANG_WARN_UNREACHABLE_CODE = YES;
				CLANG_WARN__DUPLICATE_METHOD_MATCH = YES;
				COPY_PHASE_STRIP = NO;
				DEBUG_INFORMATION_FORMAT = "dwarf-with-dsym";
				ENABLE_NS_ASSERTIONS = NO;
				ENABLE_STRICT_OBJC_MSGSEND = YES;
				GCC_C_LANGUAGE_STANDARD = gnu11;
				GCC_NO_COMMON_BLOCKS = YES;
				GCC_WARN_64_TO_32_BIT_CONVERSION = YES;
				GCC_WARN_ABOUT_RETURN_TYPE = YES_ERROR;
				GCC_WARN_UNDECLARED_SELECTOR = YES;
				GCC_WARN_UNINITIALIZED_AUTOS = YES_AGGRESSIVE;
				GCC_WARN_UNUSED_FUNCTION = YES;
				GCC_WARN_UNUSED_VARIABLE = YES;
				MACOSX_DEPLOYMENT_TARGET = 12.0;
				MTL_ENABLE_DEBUG_INFO = NO;
				MTL_FAST_MATH = YES;
				SDKROOT = macosx;
				SWIFT_COMPILATION_MODE = wholemodule;
				SWIFT_OPTIMIZATION_LEVEL = "-O";
			};
			name = Release;
		};
		C2BFFCA4274B7F4C00A5F6E4 /* Debug */ = {
			isa = XCBuildConfiguration;
			buildSettings = {
				ASSETCATALOG_COMPILER_APPICON_NAME = AppIcon;
				ASSETCATALOG_COMPILER_GLOBAL_ACCENT_COLOR_NAME = AccentColor;
				CODE_SIGN_ENTITLEMENTS = ParticleEffect/ParticleEffect.entitlements;
				CODE_SIGN_STYLE = Automatic;
				COMBINE_HIDPI_IMAGES = YES;
				CURRENT_PROJECT_VERSION = 1;
				DEVELOPMENT_TEAM = UA8U3Z7XU4;
				ENABLE_HARDENED_RUNTIME = YES;
				GENERATE_INFOPLIST_FILE = YES;
				INFOPLIST_KEY_NSHumanReadableCopyright = "";
				INFOPLIST_KEY_NSMainStoryboardFile = Main;
				INFOPLIST_KEY_NSPrincipalClass = NSApplication;
				LD_RUNPATH_SEARCH_PATHS = (
					"$(inherited)",
					"@executable_path/../Frameworks",
				);
				MARKETING_VERSION = 1.0;
				PRODUCT_BUNDLE_IDENTIFIER = me.jewelz.ParticleEffect;
				PRODUCT_NAME = "$(TARGET_NAME)";
				SWIFT_EMIT_LOC_STRINGS = YES;
				SWIFT_VERSION = 5.0;
			};
			name = Debug;
		};
		C2BFFCA5274B7F4C00A5F6E4 /* Release */ = {
			isa = XCBuildConfiguration;
			buildSettings = {
				ASSETCATALOG_COMPILER_APPICON_NAME = AppIcon;
				ASSETCATALOG_COMPILER_GLOBAL_ACCENT_COLOR_NAME = AccentColor;
				CODE_SIGN_ENTITLEMENTS = ParticleEffect/ParticleEffect.entitlements;
				CODE_SIGN_STYLE = Automatic;
				COMBINE_HIDPI_IMAGES = YES;
				CURRENT_PROJECT_VERSION = 1;
				DEVELOPMENT_TEAM = UA8U3Z7XU4;
				ENABLE_HARDENED_RUNTIME = YES;
				GENERATE_INFOPLIST_FILE = YES;
				INFOPLIST_KEY_NSHumanReadableCopyright = "";
				INFOPLIST_KEY_NSMainStoryboardFile = Main;
				INFOPLIST_KEY_NSPrincipalClass = NSApplication;
				LD_RUNPATH_SEARCH_PATHS = (
					"$(inherited)",
					"@executable_path/../Frameworks",
				);
				MARKETING_VERSION = 1.0;
				PRODUCT_BUNDLE_IDENTIFIER = me.jewelz.ParticleEffect;
				PRODUCT_NAME = "$(TARGET_NAME)";
				SWIFT_EMIT_LOC_STRINGS = YES;
				SWIFT_VERSION = 5.0;
			};
			name = Release;
		};
/* End XCBuildConfiguration section */

/* Begin XCConfigurationList section */
		C2BFFC8F274B7F4A00A5F6E4 /* Build configuration list for PBXProject "ParticleEffect" */ = {
			isa = XCConfigurationList;
			buildConfigurations = (
				C2BFFCA1274B7F4C00A5F6E4 /* Debug */,
				C2BFFCA2274B7F4C00A5F6E4 /* Release */,
			);
			defaultConfigurationIsVisible = 0;
			defaultConfigurationName = Release;
		};
		C2BFFCA3274B7F4C00A5F6E4 /* Build configuration list for PBXNativeTarget "ParticleEffect" */ = {
			isa = XCConfigurationList;
			buildConfigurations = (
				C2BFFCA4274B7F4C00A5F6E4 /* Debug */,
				C2BFFCA5274B7F4C00A5F6E4 /* Release */,
			);
			defaultConfigurationIsVisible = 0;
			defaultConfigurationName = Release;
		};
/* End XCConfigurationList section */
	};
	rootObject = C2BFFC8C274B7F4A00A5F6E4 /* Project object */;
}
